// !$*UTF8*$!
{
	archiveVersion = 1;
	classes = {
	};
	objectVersion = 48;
	objects = {

/* Begin PBXBuildFile section */
		711B6E13211FEFB00059CC36 /* AppDelegate.swift in Sources */ = {isa = PBXBuildFile; fileRef = 711B6E12211FEFB00059CC36 /* AppDelegate.swift */; };
		711B6E1A211FEFB00059CC36 /* Assets.xcassets in Resources */ = {isa = PBXBuildFile; fileRef = 711B6E19211FEFB00059CC36 /* Assets.xcassets */; };
		711B6E1D211FEFB00059CC36 /* LaunchScreen.storyboard in Resources */ = {isa = PBXBuildFile; fileRef = 711B6E1B211FEFB00059CC36 /* LaunchScreen.storyboard */; };
		711B6E28211FEFB00059CC36 /* TVGuideTests.swift in Sources */ = {isa = PBXBuildFile; fileRef = 711B6E27211FEFB00059CC36 /* TVGuideTests.swift */; };
		711B6E3C211FF3340059CC36 /* TVShowTableViewCell.swift in Sources */ = {isa = PBXBuildFile; fileRef = 711B6E3A211FF3340059CC36 /* TVShowTableViewCell.swift */; };
		711B6E3D211FF3340059CC36 /* TVShowTableViewCell.xib in Resources */ = {isa = PBXBuildFile; fileRef = 711B6E3B211FF3340059CC36 /* TVShowTableViewCell.xib */; };
		711B6E41211FFE6C0059CC36 /* Main.storyboard in Resources */ = {isa = PBXBuildFile; fileRef = 711B6E40211FFE6C0059CC36 /* Main.storyboard */; };
		711B6E43211FFF350059CC36 /* TVShowDetailsViewController.swift in Sources */ = {isa = PBXBuildFile; fileRef = 711B6E42211FFF350059CC36 /* TVShowDetailsViewController.swift */; };
		711B6E4721200B5D0059CC36 /* HomeViewController.swift in Sources */ = {isa = PBXBuildFile; fileRef = 711B6E4621200B5D0059CC36 /* HomeViewController.swift */; };
		71457C3721202626001608BC /* APIController.swift in Sources */ = {isa = PBXBuildFile; fileRef = 71457C3621202626001608BC /* APIController.swift */; };
		71457C3A21202B73001608BC /* Show.swift in Sources */ = {isa = PBXBuildFile; fileRef = 71457C3921202B73001608BC /* Show.swift */; };
		71457C3C21202BEC001608BC /* APIResponse.swift in Sources */ = {isa = PBXBuildFile; fileRef = 71457C3B21202BEC001608BC /* APIResponse.swift */; };
/* End PBXBuildFile section */

/* Begin PBXContainerItemProxy section */
		711B6E24211FEFB00059CC36 /* PBXContainerItemProxy */ = {
			isa = PBXContainerItemProxy;
			containerPortal = 711B6E07211FEFB00059CC36 /* Project object */;
			proxyType = 1;
			remoteGlobalIDString = 711B6E0E211FEFB00059CC36;
			remoteInfo = TVGuide;
		};
/* End PBXContainerItemProxy section */

/* Begin PBXFileReference section */
		711B6E0F211FEFB00059CC36 /* TVGuide.app */ = {isa = PBXFileReference; explicitFileType = wrapper.application; includeInIndex = 0; path = TVGuide.app; sourceTree = BUILT_PRODUCTS_DIR; };
		711B6E12211FEFB00059CC36 /* AppDelegate.swift */ = {isa = PBXFileReference; lastKnownFileType = sourcecode.swift; path = AppDelegate.swift; sourceTree = "<group>"; };
		711B6E19211FEFB00059CC36 /* Assets.xcassets */ = {isa = PBXFileReference; lastKnownFileType = folder.assetcatalog; path = Assets.xcassets; sourceTree = "<group>"; };
		711B6E1C211FEFB00059CC36 /* Base */ = {isa = PBXFileReference; lastKnownFileType = file.storyboard; name = Base; path = Base.lproj/LaunchScreen.storyboard; sourceTree = "<group>"; };
		711B6E1E211FEFB00059CC36 /* Info.plist */ = {isa = PBXFileReference; lastKnownFileType = text.plist.xml; path = Info.plist; sourceTree = "<group>"; };
		711B6E23211FEFB00059CC36 /* TVGuideTests.xctest */ = {isa = PBXFileReference; explicitFileType = wrapper.cfbundle; includeInIndex = 0; path = TVGuideTests.xctest; sourceTree = BUILT_PRODUCTS_DIR; };
		711B6E27211FEFB00059CC36 /* TVGuideTests.swift */ = {isa = PBXFileReference; lastKnownFileType = sourcecode.swift; path = TVGuideTests.swift; sourceTree = "<group>"; };
		711B6E29211FEFB00059CC36 /* Info.plist */ = {isa = PBXFileReference; lastKnownFileType = text.plist.xml; path = Info.plist; sourceTree = "<group>"; };
		711B6E3A211FF3340059CC36 /* TVShowTableViewCell.swift */ = {isa = PBXFileReference; lastKnownFileType = sourcecode.swift; path = TVShowTableViewCell.swift; sourceTree = "<group>"; };
		711B6E3B211FF3340059CC36 /* TVShowTableViewCell.xib */ = {isa = PBXFileReference; lastKnownFileType = file.xib; path = TVShowTableViewCell.xib; sourceTree = "<group>"; };
		711B6E40211FFE6C0059CC36 /* Main.storyboard */ = {isa = PBXFileReference; lastKnownFileType = file.storyboard; path = Main.storyboard; sourceTree = "<group>"; };
		711B6E42211FFF350059CC36 /* TVShowDetailsViewController.swift */ = {isa = PBXFileReference; lastKnownFileType = sourcecode.swift; name = TVShowDetailsViewController.swift; path = TVGuide/Controllers/TVShowDetailsViewController.swift; sourceTree = SOURCE_ROOT; };
		711B6E4621200B5D0059CC36 /* HomeViewController.swift */ = {isa = PBXFileReference; lastKnownFileType = sourcecode.swift; path = HomeViewController.swift; sourceTree = "<group>"; };
		71457C3621202626001608BC /* APIController.swift */ = {isa = PBXFileReference; lastKnownFileType = sourcecode.swift; path = APIController.swift; sourceTree = "<group>"; };
		71457C3921202B73001608BC /* Show.swift */ = {isa = PBXFileReference; lastKnownFileType = sourcecode.swift; path = Show.swift; sourceTree = "<group>"; };
		71457C3B21202BEC001608BC /* APIResponse.swift */ = {isa = PBXFileReference; lastKnownFileType = sourcecode.swift; path = APIResponse.swift; sourceTree = "<group>"; };
/* End PBXFileReference section */

/* Begin PBXFrameworksBuildPhase section */
		711B6E0C211FEFB00059CC36 /* Frameworks */ = {
			isa = PBXFrameworksBuildPhase;
			buildActionMask = 2147483647;
			files = (
			);
			runOnlyForDeploymentPostprocessing = 0;
		};
		711B6E20211FEFB00059CC36 /* Frameworks */ = {
			isa = PBXFrameworksBuildPhase;
			buildActionMask = 2147483647;
			files = (
			);
			runOnlyForDeploymentPostprocessing = 0;
		};
/* End PBXFrameworksBuildPhase section */

/* Begin PBXGroup section */
		711B6E06211FEFB00059CC36 = {
			isa = PBXGroup;
			children = (
				711B6E11211FEFB00059CC36 /* TVGuide */,
				711B6E26211FEFB00059CC36 /* TVGuideTests */,
				711B6E10211FEFB00059CC36 /* Products */,
			);
			sourceTree = "<group>";
		};
		711B6E10211FEFB00059CC36 /* Products */ = {
			isa = PBXGroup;
			children = (
				711B6E0F211FEFB00059CC36 /* TVGuide.app */,
				711B6E23211FEFB00059CC36 /* TVGuideTests.xctest */,
			);
			name = Products;
			sourceTree = "<group>";
		};
		711B6E11211FEFB00059CC36 /* TVGuide */ = {
			isa = PBXGroup;
			children = (
				71457C3821202B51001608BC /* Models */,
				711B6E33211FF0CE0059CC36 /* Controllers */,
				711B6E32211FF09A0059CC36 /* Views */,
				711B6E12211FEFB00059CC36 /* AppDelegate.swift */,
				711B6E19211FEFB00059CC36 /* Assets.xcassets */,
				711B6E1B211FEFB00059CC36 /* LaunchScreen.storyboard */,
				711B6E1E211FEFB00059CC36 /* Info.plist */,
				711B6E40211FFE6C0059CC36 /* Main.storyboard */,
			);
			path = TVGuide;
			sourceTree = "<group>";
		};
		711B6E26211FEFB00059CC36 /* TVGuideTests */ = {
			isa = PBXGroup;
			children = (
				711B6E27211FEFB00059CC36 /* TVGuideTests.swift */,
				711B6E29211FEFB00059CC36 /* Info.plist */,
			);
			path = TVGuideTests;
			sourceTree = "<group>";
		};
		711B6E32211FF09A0059CC36 /* Views */ = {
			isa = PBXGroup;
			children = (
				711B6E3A211FF3340059CC36 /* TVShowTableViewCell.swift */,
				711B6E3B211FF3340059CC36 /* TVShowTableViewCell.xib */,
			);
			path = Views;
			sourceTree = "<group>";
		};
		711B6E33211FF0CE0059CC36 /* Controllers */ = {
			isa = PBXGroup;
			children = (
				711B6E42211FFF350059CC36 /* TVShowDetailsViewController.swift */,
				711B6E4621200B5D0059CC36 /* HomeViewController.swift */,
				71457C3621202626001608BC /* APIController.swift */,
			);
			path = Controllers;
			sourceTree = "<group>";
		};
		71457C3821202B51001608BC /* Models */ = {
			isa = PBXGroup;
			children = (
				71457C3921202B73001608BC /* Show.swift */,
				71457C3B21202BEC001608BC /* APIResponse.swift */,
			);
			path = Models;
			sourceTree = "<group>";
		};
/* End PBXGroup section */

/* Begin PBXNativeTarget section */
		711B6E0E211FEFB00059CC36 /* TVGuide */ = {
			isa = PBXNativeTarget;
			buildConfigurationList = 711B6E2C211FEFB00059CC36 /* Build configuration list for PBXNativeTarget "TVGuide" */;
			buildPhases = (
				711B6E0B211FEFB00059CC36 /* Sources */,
				711B6E0C211FEFB00059CC36 /* Frameworks */,
				711B6E0D211FEFB00059CC36 /* Resources */,
			);
			buildRules = (
			);
			dependencies = (
			);
			name = TVGuide;
			productName = TVGuide;
			productReference = 711B6E0F211FEFB00059CC36 /* TVGuide.app */;
			productType = "com.apple.product-type.application";
		};
		711B6E22211FEFB00059CC36 /* TVGuideTests */ = {
			isa = PBXNativeTarget;
			buildConfigurationList = 711B6E2F211FEFB00059CC36 /* Build configuration list for PBXNativeTarget "TVGuideTests" */;
			buildPhases = (
				711B6E1F211FEFB00059CC36 /* Sources */,
				711B6E20211FEFB00059CC36 /* Frameworks */,
				711B6E21211FEFB00059CC36 /* Resources */,
			);
			buildRules = (
			);
			dependencies = (
				711B6E25211FEFB00059CC36 /* PBXTargetDependency */,
			);
			name = TVGuideTests;
			productName = TVGuideTests;
			productReference = 711B6E23211FEFB00059CC36 /* TVGuideTests.xctest */;
			productType = "com.apple.product-type.bundle.unit-test";
		};
/* End PBXNativeTarget section */

/* Begin PBXProject section */
		711B6E07211FEFB00059CC36 /* Project object */ = {
			isa = PBXProject;
			attributes = {
				LastSwiftUpdateCheck = 0900;
				LastUpgradeCheck = 0900;
				ORGANIZATIONNAME = "Rizianne Veluz";
				TargetAttributes = {
					711B6E0E211FEFB00059CC36 = {
						CreatedOnToolsVersion = 9.0;
						ProvisioningStyle = Automatic;
					};
					711B6E22211FEFB00059CC36 = {
						CreatedOnToolsVersion = 9.0;
						ProvisioningStyle = Automatic;
						TestTargetID = 711B6E0E211FEFB00059CC36;
					};
				};
			};
			buildConfigurationList = 711B6E0A211FEFB00059CC36 /* Build configuration list for PBXProject "TVGuide" */;
			compatibilityVersion = "Xcode 8.0";
			developmentRegion = en;
			hasScannedForEncodings = 0;
			knownRegions = (
				en,
				Base,
			);
			mainGroup = 711B6E06211FEFB00059CC36;
			productRefGroup = 711B6E10211FEFB00059CC36 /* Products */;
			projectDirPath = "";
			projectRoot = "";
			targets = (
				711B6E0E211FEFB00059CC36 /* TVGuide */,
				711B6E22211FEFB00059CC36 /* TVGuideTests */,
			);
		};
/* End PBXProject section */

/* Begin PBXResourcesBuildPhase section */
		711B6E0D211FEFB00059CC36 /* Resources */ = {
			isa = PBXResourcesBuildPhase;
			buildActionMask = 2147483647;
			files = (
				711B6E1D211FEFB00059CC36 /* LaunchScreen.storyboard in Resources */,
				711B6E41211FFE6C0059CC36 /* Main.storyboard in Resources */,
				711B6E1A211FEFB00059CC36 /* Assets.xcassets in Resources */,
				711B6E3D211FF3340059CC36 /* TVShowTableViewCell.xib in Resources */,
			);
			runOnlyForDeploymentPostprocessing = 0;
		};
		711B6E21211FEFB00059CC36 /* Resources */ = {
			isa = PBXResourcesBuildPhase;
			buildActionMask = 2147483647;
			files = (
			);
			runOnlyForDeploymentPostprocessing = 0;
		};
/* End PBXResourcesBuildPhase section */

/* Begin PBXSourcesBuildPhase section */
		711B6E0B211FEFB00059CC36 /* Sources */ = {
			isa = PBXSourcesBuildPhase;
			buildActionMask = 2147483647;
			files = (
				71457C3C21202BEC001608BC /* APIResponse.swift in Sources */,
				71457C3A21202B73001608BC /* Show.swift in Sources */,
				711B6E3C211FF3340059CC36 /* TVShowTableViewCell.swift in Sources */,
				711B6E13211FEFB00059CC36 /* AppDelegate.swift in Sources */,
				711B6E43211FFF350059CC36 /* TVShowDetailsViewController.swift in Sources */,
				711B6E4721200B5D0059CC36 /* HomeViewController.swift in Sources */,
				71457C3721202626001608BC /* APIController.swift in Sources */,
			);
			runOnlyForDeploymentPostprocessing = 0;
		};
		711B6E1F211FEFB00059CC36 /* Sources */ = {
			isa = PBXSourcesBuildPhase;
			buildActionMask = 2147483647;
			files = (
				711B6E28211FEFB00059CC36 /* TVGuideTests.swift in Sources */,
			);
			runOnlyForDeploymentPostprocessing = 0;
		};
/* End PBXSourcesBuildPhase section */

/* Begin PBXTargetDependency section */
		711B6E25211FEFB00059CC36 /* PBXTargetDependency */ = {
			isa = PBXTargetDependency;
			target = 711B6E0E211FEFB00059CC36 /* TVGuide */;
			targetProxy = 711B6E24211FEFB00059CC36 /* PBXContainerItemProxy */;
		};
/* End PBXTargetDependency section */

/* Begin PBXVariantGroup section */
		711B6E1B211FEFB00059CC36 /* LaunchScreen.storyboard */ = {
			isa = PBXVariantGroup;
			children = (
				711B6E1C211FEFB00059CC36 /* Base */,
			);
			name = LaunchScreen.storyboard;
			sourceTree = "<group>";
		};
/* End PBXVariantGroup section */

/* Begin XCBuildConfiguration section */
		711B6E2A211FEFB00059CC36 /* Debug */ = {
			isa = XCBuildConfiguration;
			buildSettings = {
				ALWAYS_SEARCH_USER_PATHS = NO;
				CLANG_ANALYZER_NONNULL = YES;
				CLANG_ANALYZER_NUMBER_OBJECT_CONVERSION = YES_AGGRESSIVE;
				CLANG_CXX_LANGUAGE_STANDARD = "gnu++14";
				CLANG_CXX_LIBRARY = "libc++";
				CLANG_ENABLE_MODULES = YES;
				CLANG_ENABLE_OBJC_ARC = YES;
				CLANG_WARN_BLOCK_CAPTURE_AUTORELEASING = YES;
				CLANG_WARN_BOOL_CONVERSION = YES;
				CLANG_WARN_COMMA = YES;
				CLANG_WARN_CONSTANT_CONVERSION = YES;
				CLANG_WARN_DIRECT_OBJC_ISA_USAGE = YES_ERROR;
				CLANG_WARN_DOCUMENTATION_COMMENTS = YES;
				CLANG_WARN_EMPTY_BODY = YES;
				CLANG_WARN_ENUM_CONVERSION = YES;
				CLANG_WARN_INFINITE_RECURSION = YES;
				CLANG_WARN_INT_CONVERSION = YES;
				CLANG_WARN_NON_LITERAL_NULL_CONVERSION = YES;
				CLANG_WARN_OBJC_LITERAL_CONVERSION = YES;
				CLANG_WARN_OBJC_ROOT_CLASS = YES_ERROR;
				CLANG_WARN_RANGE_LOOP_ANALYSIS = YES;
				CLANG_WARN_STRICT_PROTOTYPES = YES;
				CLANG_WARN_SUSPICIOUS_MOVE = YES;
				CLANG_WARN_UNGUARDED_AVAILABILITY = YES_AGGRESSIVE;
				CLANG_WARN_UNREACHABLE_CODE = YES;
				CLANG_WARN__DUPLICATE_METHOD_MATCH = YES;
				CODE_SIGN_IDENTITY = "iPhone Developer";
				COPY_PHASE_STRIP = NO;
				DEBUG_INFORMATION_FORMAT = dwarf;
				ENABLE_STRICT_OBJC_MSGSEND = YES;
				ENABLE_TESTABILITY = YES;
				GCC_C_LANGUAGE_STANDARD = gnu11;
				GCC_DYNAMIC_NO_PIC = NO;
				GCC_NO_COMMON_BLOCKS = YES;
				GCC_OPTIMIZATION_LEVEL = 0;
				GCC_PREPROCESSOR_DEFINITIONS = (
					"DEBUG=1",
					"$(inherited)",
				);
				GCC_WARN_64_TO_32_BIT_CONVERSION = YES;
				GCC_WARN_ABOUT_RETURN_TYPE = YES_ERROR;
				GCC_WARN_UNDECLARED_SELECTOR = YES;
				GCC_WARN_UNINITIALIZED_AUTOS = YES_AGGRESSIVE;
				GCC_WARN_UNUSED_FUNCTION = YES;
				GCC_WARN_UNUSED_VARIABLE = YES;
				IPHONEOS_DEPLOYMENT_TARGET = 11.0;
				MTL_ENABLE_DEBUG_INFO = YES;
				ONLY_ACTIVE_ARCH = YES;
				SDKROOT = iphoneos;
				SWIFT_ACTIVE_COMPILATION_CONDITIONS = DEBUG;
				SWIFT_OPTIMIZATION_LEVEL = "-Onone";
			};
			name = Debug;
		};
		711B6E2B211FEFB00059CC36 /* Release */ = {
			isa = XCBuildConfiguration;
			buildSettings = {
				ALWAYS_SEARCH_USER_PATHS = NO;
				CLANG_ANALYZER_NONNULL = YES;
				CLANG_ANALYZER_NUMBER_OBJECT_CONVERSION = YES_AGGRESSIVE;
				CLANG_CXX_LANGUAGE_STANDARD = "gnu++14";
				CLANG_CXX_LIBRARY = "libc++";
				CLANG_ENABLE_MODULES = YES;
				CLANG_ENABLE_OBJC_ARC = YES;
				CLANG_WARN_BLOCK_CAPTURE_AUTORELEASING = YES;
				CLANG_WARN_BOOL_CONVERSION = YES;
				CLANG_WARN_COMMA = YES;
				CLANG_WARN_CONSTANT_CONVERSION = YES;
				CLANG_WARN_DIRECT_OBJC_ISA_USAGE = YES_ERROR;
				CLANG_WARN_DOCUMENTATION_COMMENTS = YES;
				CLANG_WARN_EMPTY_BODY = YES;
				CLANG_WARN_ENUM_CONVERSION = YES;
				CLANG_WARN_INFINITE_RECURSION = YES;
				CLANG_WARN_INT_CONVERSION = YES;
				CLANG_WARN_NON_LITERAL_NULL_CONVERSION = YES;
				CLANG_WARN_OBJC_LITERAL_CONVERSION = YES;
				CLANG_WARN_OBJC_ROOT_CLASS = YES_ERROR;
				CLANG_WARN_RANGE_LOOP_ANALYSIS = YES;
				CLANG_WARN_STRICT_PROTOTYPES = YES;
				CLANG_WARN_SUSPICIOUS_MOVE = YES;
				CLANG_WARN_UNGUARDED_AVAILABILITY = YES_AGGRESSIVE;
				CLANG_WARN_UNREACHABLE_CODE = YES;
				CLANG_WARN__DUPLICATE_METHOD_MATCH = YES;
				CODE_SIGN_IDENTITY = "iPhone Developer";
				COPY_PHASE_STRIP = NO;
				DEBUG_INFORMATION_FORMAT = "dwarf-with-dsym";
				ENABLE_NS_ASSERTIONS = NO;
				ENABLE_STRICT_OBJC_MSGSEND = YES;
				GCC_C_LANGUAGE_STANDARD = gnu11;
				GCC_NO_COMMON_BLOCKS = YES;
				GCC_WARN_64_TO_32_BIT_CONVERSION = YES;
				GCC_WARN_ABOUT_RETURN_TYPE = YES_ERROR;
				GCC_WARN_UNDECLARED_SELECTOR = YES;
				GCC_WARN_UNINITIALIZED_AUTOS = YES_AGGRESSIVE;
				GCC_WARN_UNUSED_FUNCTION = YES;
				GCC_WARN_UNUSED_VARIABLE = YES;
				IPHONEOS_DEPLOYMENT_TARGET = 11.0;
				MTL_ENABLE_DEBUG_INFO = NO;
				SDKROOT = iphoneos;
				SWIFT_OPTIMIZATION_LEVEL = "-Owholemodule";
				VALIDATE_PRODUCT = YES;
			};
			name = Release;
		};
		711B6E2D211FEFB00059CC36 /* Debug */ = {
			isa = XCBuildConfiguration;
			buildSettings = {
				ASSETCATALOG_COMPILER_APPICON_NAME = AppIcon;
				CODE_SIGN_STYLE = Automatic;
				INFOPLIST_FILE = TVGuide/Info.plist;
				LD_RUNPATH_SEARCH_PATHS = "$(inherited) @executable_path/Frameworks";
				PRODUCT_BUNDLE_IDENTIFIER = com.rizianneveluz.TVGuide;
				PRODUCT_NAME = "$(TARGET_NAME)";
				SWIFT_VERSION = 4.0;
				TARGETED_DEVICE_FAMILY = "1,2";
			};
			name = Debug;
		};
		711B6E2E211FEFB00059CC36 /* Release */ = {
			isa = XCBuildConfiguration;
			buildSettings = {
				ASSETCATALOG_COMPILER_APPICON_NAME = AppIcon;
				CODE_SIGN_STYLE = Automatic;
				INFOPLIST_FILE = TVGuide/Info.plist;
				LD_RUNPATH_SEARCH_PATHS = "$(inherited) @executable_path/Frameworks";
				PRODUCT_BUNDLE_IDENTIFIER = com.rizianneveluz.TVGuide;
				PRODUCT_NAME = "$(TARGET_NAME)";
				SWIFT_VERSION = 4.0;
				TARGETED_DEVICE_FAMILY = "1,2";
			};
			name = Release;
		};
		711B6E30211FEFB00059CC36 /* Debug */ = {
			isa = XCBuildConfiguration;
			buildSettings = {
				ALWAYS_EMBED_SWIFT_STANDARD_LIBRARIES = YES;
				BUNDLE_LOADER = "$(TEST_HOST)";
				CODE_SIGN_STYLE = Automatic;
				INFOPLIST_FILE = TVGuideTests/Info.plist;
				LD_RUNPATH_SEARCH_PATHS = "$(inherited) @executable_path/Frameworks @loader_path/Frameworks";
				PRODUCT_BUNDLE_IDENTIFIER = com.rizianneveluz.TVGuideTests;
				PRODUCT_NAME = "$(TARGET_NAME)";
				SWIFT_VERSION = 4.0;
				TARGETED_DEVICE_FAMILY = "1,2";
				TEST_HOST = "$(BUILT_PRODUCTS_DIR)/TVGuide.app/TVGuide";
			};
			name = Debug;
		};
		711B6E31211FEFB00059CC36 /* Release */ = {
			isa = XCBuildConfiguration;
			buildSettings = {
				ALWAYS_EMBED_SWIFT_STANDARD_LIBRARIES = YES;
				BUNDLE_LOADER = "$(TEST_HOST)";
				CODE_SIGN_STYLE = Automatic;
				INFOPLIST_FILE = TVGuideTests/Info.plist;
				LD_RUNPATH_SEARCH_PATHS = "$(inherited) @executable_path/Frameworks @loader_path/Frameworks";
				PRODUCT_BUNDLE_IDENTIFIER = com.rizianneveluz.TVGuideTests;
				PRODUCT_NAME = "$(TARGET_NAME)";
				SWIFT_VERSION = 4.0;
				TARGETED_DEVICE_FAMILY = "1,2";
				TEST_HOST = "$(BUILT_PRODUCTS_DIR)/TVGuide.app/TVGuide";
			};
			name = Release;
		};
/* End XCBuildConfiguration section */

/* Begin XCConfigurationList section */
		711B6E0A211FEFB00059CC36 /* Build configuration list for PBXProject "TVGuide" */ = {
			isa = XCConfigurationList;
			buildConfigurations = (
				711B6E2A211FEFB00059CC36 /* Debug */,
				711B6E2B211FEFB00059CC36 /* Release */,
			);
			defaultConfigurationIsVisible = 0;
			defaultConfigurationName = Release;
		};
		711B6E2C211FEFB00059CC36 /* Build configuration list for PBXNativeTarget "TVGuide" */ = {
			isa = XCConfigurationList;
			buildConfigurations = (
				711B6E2D211FEFB00059CC36 /* Debug */,
				711B6E2E211FEFB00059CC36 /* Release */,
			);
			defaultConfigurationIsVisible = 0;
			defaultConfigurationName = Release;
		};
		711B6E2F211FEFB00059CC36 /* Build configuration list for PBXNativeTarget "TVGuideTests" */ = {
			isa = XCConfigurationList;
			buildConfigurations = (
				711B6E30211FEFB00059CC36 /* Debug */,
				711B6E31211FEFB00059CC36 /* Release */,
			);
			defaultConfigurationIsVisible = 0;
			defaultConfigurationName = Release;
		};
/* End XCConfigurationList section */
	};
	rootObject = 711B6E07211FEFB00059CC36 /* Project object */;
}
